<?xml version="1.0" encoding="utf-8"?>
<Project ToolsVersion="4.0" xmlns="http://schemas.microsoft.com/developer/msbuild/2003">
  <ItemGroup>
    <ClCompile Include="globals.cpp" />
    <ClCompile Include="main.cpp" />
    <ClCompile Include="camera.cpp" />
    <ClCompile Include="entity_builder.cpp" />
    <ClCompile Include="ground_builder.cpp" />
    <ClCompile Include="TrainWagon.cpp" />
    <ClCompile Include="texture_manager.cpp" />
    <ClCompile Include="material_manager.cpp" />
    <ClCompile Include="Texture.cpp" />
  </ItemGroup>
  <ItemGroup>
    <ClInclude Include="glut.h">
      <Filter>headers</Filter>
    </ClInclude>
    <ClInclude Include="camera.h">
      <Filter>headers</Filter>
    </ClInclude>
    <ClInclude Include="globals.h">
      <Filter>headers</Filter>
    </ClInclude>
    <ClInclude Include="entity_builder.h">
      <Filter>headers</Filter>
    </ClInclude>
    <ClInclude Include="ground_builder.h">
      <Filter>headers</Filter>
    </ClInclude>
    <ClInclude Include="TrainWagon.h">
      <Filter>headers</Filter>
    </ClInclude>
    <ClInclude Include="texture_manager.h">
      <Filter>headers</Filter>
    </ClInclude>
    <ClInclude Include="material_manager.h">
      <Filter>headers</Filter>
    </ClInclude>
    <ClInclude Include="Texture.h">
      <Filter>headers</Filter>
    </ClInclude>
  </ItemGroup>
  <ItemGroup>
    <Filter Include="headers">
      <UniqueIdentifier>{0ac674b4-cad5-4ed8-952b-2a45590a7a41}</UniqueIdentifier>
    </Filter>
  </ItemGroup>
</Project>